
Microsoft Visual Studio Solution File, Format Version 12.00
# Visual Studio 2013
VisualStudioVersion = 12.0.40629.0
MinimumVisualStudioVersion = 10.0.40219.1
Project("{FAE04EC0-301F-11D3-BF4B-00C04F79EFBC}") = "WebProjectText", "WebProjectText\WebProjectText.csproj", "{DE44E4A8-A05A-4257-9029-10088B042B15}"
EndProject
Project("{FAE04EC0-301F-11D3-BF4B-00C04F79EFBC}") = "WebApi", "WebApi\WebApi.csproj", "{ED13BA58-FF0D-473A-A158-39961E29970F}"
EndProject
Project("{FAE04EC0-301F-11D3-BF4B-00C04F79EFBC}") = "WebProjectFlowMVC", "WebProjectFlowMVC\WebProjectFlowMVC.csproj", "{FEBF7419-CFA5-48EE-9684-8525D9D31A1E}"
EndProject
Project("{2150E333-8FDC-42A3-9474-1A3956D46DE8}") = "ORMEntityModel", "ORMEntityModel", "{F2D261C8-0172-4C6C-979B-96483956BF92}"
EndProject
Project("{2150E333-8FDC-42A3-9474-1A3956D46DE8}") = "DAL", "DAL", "{4A54FA37-1FD6-4564-9CB4-A63451E11E54}"
EndProject
Project("{2150E333-8FDC-42A3-9474-1A3956D46DE8}") = "BLL", "BLL", "{0511B458-12F2-487A-9B8D-62EAF2AB3DB6}"
EndProject
Project("{2150E333-8FDC-42A3-9474-1A3956D46DE8}") = "Model", "Model", "{4B7E7667-0B63-4FA6-92AF-C045D2788D67}"
EndProject
Project("{2150E333-8FDC-42A3-9474-1A3956D46DE8}") = "Common", "Common", "{C73CC650-120E-402E-B4E8-4FCB847BA886}"
EndProject
Project("{FAE04EC0-301F-11D3-BF4B-00C04F79EFBC}") = "EFDal", "EFDal\EFDal.csproj", "{CB1250C8-C5B6-4A78-BFB0-9BEAF7E05FD4}"
EndProject
Project("{FAE04EC0-301F-11D3-BF4B-00C04F79EFBC}") = "DapperDal", "DapperDal\DapperDal.csproj", "{ECCDFD7F-2DCD-4BC2-BF64-84A14EAE8D0C}"
EndProject
Project("{FAE04EC0-301F-11D3-BF4B-00C04F79EFBC}") = "Model", "Model\Model.csproj", "{15421B04-5333-4F64-AD96-E425C781473C}"
EndProject
Project("{FAE04EC0-301F-11D3-BF4B-00C04F79EFBC}") = "EFBll", "EFBll\EFBll.csproj", "{A86B3697-87F9-4ABD-8589-FC0B09C18623}"
EndProject
Project("{FAE04EC0-301F-11D3-BF4B-00C04F79EFBC}") = "DapperBll", "DapperBll\DapperBll.csproj", "{B2F236E9-88D8-4A0E-AAD5-1FEFB0DB66D6}"
EndProject
Project("{FAE04EC0-301F-11D3-BF4B-00C04F79EFBC}") = "Common", "Common\Common.csproj", "{4E15F0F1-6B2E-41EC-A813-AA1EA16DFCEE}"
EndProject
Project("{FAE04EC0-301F-11D3-BF4B-00C04F79EFBC}") = "NBerDal", "NBerDal\NBerDal.csproj", "{37CC28B9-C9D3-46B4-8836-548F2C840DF8}"
EndProject
Project("{FAE04EC0-301F-11D3-BF4B-00C04F79EFBC}") = "SqlDal", "SqlDal\SqlDal.csproj", "{8A4326F0-DF98-4998-A445-2FD38140C243}"
EndProject
Project("{FAE04EC0-301F-11D3-BF4B-00C04F79EFBC}") = "RepositoryDal", "RepositoryDal\RepositoryDal.csproj", "{71F54A8B-158A-4815-ADB3-D9475E182F3A}"
EndProject
Global
	GlobalSection(SolutionConfigurationPlatforms) = preSolution
		Debug|Any CPU = Debug|Any CPU
		Release|Any CPU = Release|Any CPU
	EndGlobalSection
	GlobalSection(ProjectConfigurationPlatforms) = postSolution
		{DE44E4A8-A05A-4257-9029-10088B042B15}.Debug|Any CPU.ActiveCfg = Debug|Any CPU
		{DE44E4A8-A05A-4257-9029-10088B042B15}.Debug|Any CPU.Build.0 = Debug|Any CPU
		{DE44E4A8-A05A-4257-9029-10088B042B15}.Release|Any CPU.ActiveCfg = Release|Any CPU
		{DE44E4A8-A05A-4257-9029-10088B042B15}.Release|Any CPU.Build.0 = Release|Any CPU
		{ED13BA58-FF0D-473A-A158-39961E29970F}.Debug|Any CPU.ActiveCfg = Debug|Any CPU
		{ED13BA58-FF0D-473A-A158-39961E29970F}.Debug|Any CPU.Build.0 = Debug|Any CPU
		{ED13BA58-FF0D-473A-A158-39961E29970F}.Release|Any CPU.ActiveCfg = Release|Any CPU
		{ED13BA58-FF0D-473A-A158-39961E29970F}.Release|Any CPU.Build.0 = Release|Any CPU
		{FEBF7419-CFA5-48EE-9684-8525D9D31A1E}.Debug|Any CPU.ActiveCfg = Debug|Any CPU
		{FEBF7419-CFA5-48EE-9684-8525D9D31A1E}.Debug|Any CPU.Build.0 = Debug|Any CPU
		{FEBF7419-CFA5-48EE-9684-8525D9D31A1E}.Release|Any CPU.ActiveCfg = Release|Any CPU
		{FEBF7419-CFA5-48EE-9684-8525D9D31A1E}.Release|Any CPU.Build.0 = Release|Any CPU
		{CB1250C8-C5B6-4A78-BFB0-9BEAF7E05FD4}.Debug|Any CPU.ActiveCfg = Debug|Any CPU
		{CB1250C8-C5B6-4A78-BFB0-9BEAF7E05FD4}.Debug|Any CPU.Build.0 = Debug|Any CPU
		{CB1250C8-C5B6-4A78-BFB0-9BEAF7E05FD4}.Release|Any CPU.ActiveCfg = Release|Any CPU
		{CB1250C8-C5B6-4A78-BFB0-9BEAF7E05FD4}.Release|Any CPU.Build.0 = Release|Any CPU
		{ECCDFD7F-2DCD-4BC2-BF64-84A14EAE8D0C}.Debug|Any CPU.ActiveCfg = Debug|Any CPU
		{ECCDFD7F-2DCD-4BC2-BF64-84A14EAE8D0C}.Debug|Any CPU.Build.0 = Debug|Any CPU
		{ECCDFD7F-2DCD-4BC2-BF64-84A14EAE8D0C}.Release|Any CPU.ActiveCfg = Release|Any CPU
		{ECCDFD7F-2DCD-4BC2-BF64-84A14EAE8D0C}.Release|Any CPU.Build.0 = Release|Any CPU
		{15421B04-5333-4F64-AD96-E425C781473C}.Debug|Any CPU.ActiveCfg = Debug|Any CPU
		{15421B04-5333-4F64-AD96-E425C781473C}.Debug|Any CPU.Build.0 = Debug|Any CPU
		{15421B04-5333-4F64-AD96-E425C781473C}.Release|Any CPU.ActiveCfg = Release|Any CPU
		{15421B04-5333-4F64-AD96-E425C781473C}.Release|Any CPU.Build.0 = Release|Any CPU
		{A86B3697-87F9-4ABD-8589-FC0B09C18623}.Debug|Any CPU.ActiveCfg = Debug|Any CPU
		{A86B3697-87F9-4ABD-8589-FC0B09C18623}.Debug|Any CPU.Build.0 = Debug|Any CPU
		{A86B3697-87F9-4ABD-8589-FC0B09C18623}.Release|Any CPU.ActiveCfg = Release|Any CPU
		{A86B3697-87F9-4ABD-8589-FC0B09C18623}.Release|Any CPU.Build.0 = Release|Any CPU
		{B2F236E9-88D8-4A0E-AAD5-1FEFB0DB66D6}.Debug|Any CPU.ActiveCfg = Debug|Any CPU
		{B2F236E9-88D8-4A0E-AAD5-1FEFB0DB66D6}.Debug|Any CPU.Build.0 = Debug|Any CPU
		{B2F236E9-88D8-4A0E-AAD5-1FEFB0DB66D6}.Release|Any CPU.ActiveCfg = Release|Any CPU
		{B2F236E9-88D8-4A0E-AAD5-1FEFB0DB66D6}.Release|Any CPU.Build.0 = Release|Any CPU
		{4E15F0F1-6B2E-41EC-A813-AA1EA16DFCEE}.Debug|Any CPU.ActiveCfg = Debug|Any CPU
		{4E15F0F1-6B2E-41EC-A813-AA1EA16DFCEE}.Debug|Any CPU.Build.0 = Debug|Any CPU
		{4E15F0F1-6B2E-41EC-A813-AA1EA16DFCEE}.Release|Any CPU.ActiveCfg = Release|Any CPU
		{4E15F0F1-6B2E-41EC-A813-AA1EA16DFCEE}.Release|Any CPU.Build.0 = Release|Any CPU
		{37CC28B9-C9D3-46B4-8836-548F2C840DF8}.Debug|Any CPU.ActiveCfg = Debug|Any CPU
		{37CC28B9-C9D3-46B4-8836-548F2C840DF8}.Debug|Any CPU.Build.0 = Debug|Any CPU
		{37CC28B9-C9D3-46B4-8836-548F2C840DF8}.Release|Any CPU.ActiveCfg = Release|Any CPU
		{37CC28B9-C9D3-46B4-8836-548F2C840DF8}.Release|Any CPU.Build.0 = Release|Any CPU
		{8A4326F0-DF98-4998-A445-2FD38140C243}.Debug|Any CPU.ActiveCfg = Debug|Any CPU
		{8A4326F0-DF98-4998-A445-2FD38140C243}.Debug|Any CPU.Build.0 = Debug|Any CPU
		{8A4326F0-DF98-4998-A445-2FD38140C243}.Release|Any CPU.ActiveCfg = Release|Any CPU
		{8A4326F0-DF98-4998-A445-2FD38140C243}.Release|Any CPU.Build.0 = Release|Any CPU
		{71F54A8B-158A-4815-ADB3-D9475E182F3A}.Debug|Any CPU.ActiveCfg = Debug|Any CPU
		{71F54A8B-158A-4815-ADB3-D9475E182F3A}.Debug|Any CPU.Build.0 = Debug|Any CPU
		{71F54A8B-158A-4815-ADB3-D9475E182F3A}.Release|Any CPU.ActiveCfg = Release|Any CPU
		{71F54A8B-158A-4815-ADB3-D9475E182F3A}.Release|Any CPU.Build.0 = Release|Any CPU
	EndGlobalSection
	GlobalSection(SolutionProperties) = preSolution
		HideSolutionNode = FALSE
	EndGlobalSection
	GlobalSection(NestedProjects) = preSolution
		{4A54FA37-1FD6-4564-9CB4-A63451E11E54} = {F2D261C8-0172-4C6C-979B-96483956BF92}
		{0511B458-12F2-487A-9B8D-62EAF2AB3DB6} = {F2D261C8-0172-4C6C-979B-96483956BF92}
		{4B7E7667-0B63-4FA6-92AF-C045D2788D67} = {F2D261C8-0172-4C6C-979B-96483956BF92}
		{C73CC650-120E-402E-B4E8-4FCB847BA886} = {F2D261C8-0172-4C6C-979B-96483956BF92}
		{CB1250C8-C5B6-4A78-BFB0-9BEAF7E05FD4} = {4A54FA37-1FD6-4564-9CB4-A63451E11E54}
		{ECCDFD7F-2DCD-4BC2-BF64-84A14EAE8D0C} = {4A54FA37-1FD6-4564-9CB4-A63451E11E54}
		{15421B04-5333-4F64-AD96-E425C781473C} = {4B7E7667-0B63-4FA6-92AF-C045D2788D67}
		{A86B3697-87F9-4ABD-8589-FC0B09C18623} = {0511B458-12F2-487A-9B8D-62EAF2AB3DB6}
		{B2F236E9-88D8-4A0E-AAD5-1FEFB0DB66D6} = {0511B458-12F2-487A-9B8D-62EAF2AB3DB6}
		{4E15F0F1-6B2E-41EC-A813-AA1EA16DFCEE} = {C73CC650-120E-402E-B4E8-4FCB847BA886}
		{37CC28B9-C9D3-46B4-8836-548F2C840DF8} = {4A54FA37-1FD6-4564-9CB4-A63451E11E54}
		{8A4326F0-DF98-4998-A445-2FD38140C243} = {4A54FA37-1FD6-4564-9CB4-A63451E11E54}
		{71F54A8B-158A-4815-ADB3-D9475E182F3A} = {4A54FA37-1FD6-4564-9CB4-A63451E11E54}
	EndGlobalSection
EndGlobal
